// !$*UTF8*$!
{
	archiveVersion = 1;
	classes = {
	};
	objectVersion = 50;
	objects = {

/* Begin PBXBuildFile section */
		791471E6A44A142B7CB7F054 /* Pods_iOS_weather_app.framework in Frameworks */ = {isa = PBXBuildFile; fileRef = C5A9869A6B33F2D7A80BFFB7 /* Pods_iOS_weather_app.framework */; };
		87532DF323C03AC200D0E965 /* AppDelegate.swift in Sources */ = {isa = PBXBuildFile; fileRef = 87532DF223C03AC200D0E965 /* AppDelegate.swift */; };
		87532DF523C03AC200D0E965 /* SceneDelegate.swift in Sources */ = {isa = PBXBuildFile; fileRef = 87532DF423C03AC200D0E965 /* SceneDelegate.swift */; };
		87532DF723C03AC200D0E965 /* ViewController.swift in Sources */ = {isa = PBXBuildFile; fileRef = 87532DF623C03AC200D0E965 /* ViewController.swift */; };
		87532DFA23C03AC200D0E965 /* Main.storyboard in Resources */ = {isa = PBXBuildFile; fileRef = 87532DF823C03AC200D0E965 /* Main.storyboard */; };
		87532DFC23C03AC400D0E965 /* Assets.xcassets in Resources */ = {isa = PBXBuildFile; fileRef = 87532DFB23C03AC400D0E965 /* Assets.xcassets */; };
		87532DFF23C03AC400D0E965 /* LaunchScreen.storyboard in Resources */ = {isa = PBXBuildFile; fileRef = 87532DFD23C03AC400D0E965 /* LaunchScreen.storyboard */; };
/* End PBXBuildFile section */

/* Begin PBXFileReference section */
		35ECC5DD24D45C7BC6CBAA0C /* Pods-iOS-weather-app.release.xcconfig */ = {isa = PBXFileReference; includeInIndex = 1; lastKnownFileType = text.xcconfig; name = "Pods-iOS-weather-app.release.xcconfig"; path = "Target Support Files/Pods-iOS-weather-app/Pods-iOS-weather-app.release.xcconfig"; sourceTree = "<group>"; };
		87532DEF23C03AC200D0E965 /* iOS-weather-app.app */ = {isa = PBXFileReference; explicitFileType = wrapper.application; includeInIndex = 0; path = "iOS-weather-app.app"; sourceTree = BUILT_PRODUCTS_DIR; };
		87532DF223C03AC200D0E965 /* AppDelegate.swift */ = {isa = PBXFileReference; lastKnownFileType = sourcecode.swift; path = AppDelegate.swift; sourceTree = "<group>"; };
		87532DF423C03AC200D0E965 /* SceneDelegate.swift */ = {isa = PBXFileReference; lastKnownFileType = sourcecode.swift; path = SceneDelegate.swift; sourceTree = "<group>"; };
		87532DF623C03AC200D0E965 /* ViewController.swift */ = {isa = PBXFileReference; lastKnownFileType = sourcecode.swift; path = ViewController.swift; sourceTree = "<group>"; };
		87532DF923C03AC200D0E965 /* Base */ = {isa = PBXFileReference; lastKnownFileType = file.storyboard; name = Base; path = Base.lproj/Main.storyboard; sourceTree = "<group>"; };
		87532DFB23C03AC400D0E965 /* Assets.xcassets */ = {isa = PBXFileReference; lastKnownFileType = folder.assetcatalog; path = Assets.xcassets; sourceTree = "<group>"; };
		87532DFE23C03AC400D0E965 /* Base */ = {isa = PBXFileReference; lastKnownFileType = file.storyboard; name = Base; path = Base.lproj/LaunchScreen.storyboard; sourceTree = "<group>"; };
		87532E0023C03AC400D0E965 /* Info.plist */ = {isa = PBXFileReference; lastKnownFileType = text.plist.xml; path = Info.plist; sourceTree = "<group>"; };
		C5A9869A6B33F2D7A80BFFB7 /* Pods_iOS_weather_app.framework */ = {isa = PBXFileReference; explicitFileType = wrapper.framework; includeInIndex = 0; path = Pods_iOS_weather_app.framework; sourceTree = BUILT_PRODUCTS_DIR; };
		FCC148D1085BCDF706EF11AE /* Pods-iOS-weather-app.debug.xcconfig */ = {isa = PBXFileReference; includeInIndex = 1; lastKnownFileType = text.xcconfig; name = "Pods-iOS-weather-app.debug.xcconfig"; path = "Target Support Files/Pods-iOS-weather-app/Pods-iOS-weather-app.debug.xcconfig"; sourceTree = "<group>"; };
/* End PBXFileReference section */

/* Begin PBXFrameworksBuildPhase section */
		87532DEC23C03AC200D0E965 /* Frameworks */ = {
			isa = PBXFrameworksBuildPhase;
			buildActionMask = 2147483647;
			files = (
				791471E6A44A142B7CB7F054 /* Pods_iOS_weather_app.framework in Frameworks */,
			);
			runOnlyForDeploymentPostprocessing = 0;
		};
/* End PBXFrameworksBuildPhase section */

/* Begin PBXGroup section */
		295C298D070C736FF60E31B0 /* Pods */ = {
			isa = PBXGroup;
			children = (
				FCC148D1085BCDF706EF11AE /* Pods-iOS-weather-app.debug.xcconfig */,
				35ECC5DD24D45C7BC6CBAA0C /* Pods-iOS-weather-app.release.xcconfig */,
			);
			path = Pods;
			sourceTree = "<group>";
		};
		87532DE623C03AC200D0E965 = {
			isa = PBXGroup;
			children = (
				87532DF123C03AC200D0E965 /* iOS-weather-app */,
				87532DF023C03AC200D0E965 /* Products */,
				295C298D070C736FF60E31B0 /* Pods */,
				A4DF2D90052A31BF4A342F2B /* Frameworks */,
			);
			sourceTree = "<group>";
		};
		87532DF023C03AC200D0E965 /* Products */ = {
			isa = PBXGroup;
			children = (
				87532DEF23C03AC200D0E965 /* iOS-weather-app.app */,
			);
			name = Products;
			sourceTree = "<group>";
		};
		87532DF123C03AC200D0E965 /* iOS-weather-app */ = {
			isa = PBXGroup;
			children = (
				87532E0823C03F0700D0E965 /* Model */,
				87532DF223C03AC200D0E965 /* AppDelegate.swift */,
				87532DF423C03AC200D0E965 /* SceneDelegate.swift */,
				87532E0623C03EDB00D0E965 /* Controller */,
				87532E0723C03EEA00D0E965 /* View */,
				87532DFB23C03AC400D0E965 /* Assets.xcassets */,
				87532DFD23C03AC400D0E965 /* LaunchScreen.storyboard */,
				87532E0023C03AC400D0E965 /* Info.plist */,
			);
			path = "iOS-weather-app";
			sourceTree = "<group>";
		};
		87532E0623C03EDB00D0E965 /* Controller */ = {
			isa = PBXGroup;
			children = (
				87532DF623C03AC200D0E965 /* ViewController.swift */,
			);
			path = Controller;
			sourceTree = "<group>";
		};
		87532E0723C03EEA00D0E965 /* View */ = {
			isa = PBXGroup;
			children = (
				87532DF823C03AC200D0E965 /* Main.storyboard */,
			);
			path = View;
			sourceTree = "<group>";
		};
		87532E0823C03F0700D0E965 /* Model */ = {
			isa = PBXGroup;
			children = (
			);
			path = Model;
			sourceTree = "<group>";
		};
		A4DF2D90052A31BF4A342F2B /* Frameworks */ = {
			isa = PBXGroup;
			children = (
				C5A9869A6B33F2D7A80BFFB7 /* Pods_iOS_weather_app.framework */,
			);
			name = Frameworks;
			sourceTree = "<group>";
		};
/* End PBXGroup section */

/* Begin PBXNativeTarget section */
		87532DEE23C03AC200D0E965 /* iOS-weather-app */ = {
			isa = PBXNativeTarget;
			buildConfigurationList = 87532E0323C03AC400D0E965 /* Build configuration list for PBXNativeTarget "iOS-weather-app" */;
			buildPhases = (
				0F92300F2D88474B58F34ED9 /* [CP] Check Pods Manifest.lock */,
				87532DEB23C03AC200D0E965 /* Sources */,
				87532DEC23C03AC200D0E965 /* Frameworks */,
				87532DED23C03AC200D0E965 /* Resources */,
			);
			buildRules = (
			);
			dependencies = (
			);
			name = "iOS-weather-app";
			productName = "iOS-weather-app";
			productReference = 87532DEF23C03AC200D0E965 /* iOS-weather-app.app */;
			productType = "com.apple.product-type.application";
		};
/* End PBXNativeTarget section */

/* Begin PBXProject section */
		87532DE723C03AC200D0E965 /* Project object */ = {
			isa = PBXProject;
			attributes = {
				LastSwiftUpdateCheck = 1130;
				LastUpgradeCheck = 1130;
				ORGANIZATIONNAME = "Alsaba Salim";
				TargetAttributes = {
					87532DEE23C03AC200D0E965 = {
						CreatedOnToolsVersion = 11.3;
					};
				};
			};
			buildConfigurationList = 87532DEA23C03AC200D0E965 /* Build configuration list for PBXProject "iOS-weather-app" */;
			compatibilityVersion = "Xcode 9.3";
			developmentRegion = en;
			hasScannedForEncodings = 0;
			knownRegions = (
				en,
				Base,
			);
			mainGroup = 87532DE623C03AC200D0E965;
			productRefGroup = 87532DF023C03AC200D0E965 /* Products */;
			projectDirPath = "";
			projectRoot = "";
			targets = (
				87532DEE23C03AC200D0E965 /* iOS-weather-app */,
			);
		};
/* End PBXProject section */

/* Begin PBXResourcesBuildPhase section */
		87532DED23C03AC200D0E965 /* Resources */ = {
			isa = PBXResourcesBuildPhase;
			buildActionMask = 2147483647;
			files = (
				87532DFF23C03AC400D0E965 /* LaunchScreen.storyboard in Resources */,
				87532DFC23C03AC400D0E965 /* Assets.xcassets in Resources */,
				87532DFA23C03AC200D0E965 /* Main.storyboard in Resources */,
			);
			runOnlyForDeploymentPostprocessing = 0;
		};
/* End PBXResourcesBuildPhase section */

/* Begin PBXShellScriptBuildPhase section */
		0F92300F2D88474B58F34ED9 /* [CP] Check Pods Manifest.lock */ = {
			isa = PBXShellScriptBuildPhase;
			buildActionMask = 2147483647;
			files = (
			);
			inputFileListPaths = (
			);
			inputPaths = (
				"${PODS_PODFILE_DIR_PATH}/Podfile.lock",
				"${PODS_ROOT}/Manifest.lock",
			);
			name = "[CP] Check Pods Manifest.lock";
			outputFileListPaths = (
			);
			outputPaths = (
				"$(DERIVED_FILE_DIR)/Pods-iOS-weather-app-checkManifestLockResult.txt",
			);
			runOnlyForDeploymentPostprocessing = 0;
			shellPath = /bin/sh;
			shellScript = "diff \"${PODS_PODFILE_DIR_PATH}/Podfile.lock\" \"${PODS_ROOT}/Manifest.lock\" > /dev/null\nif [ $? != 0 ] ; then\n    # print error to STDERR\n    echo \"error: The sandbox is not in sync with the Podfile.lock. Run 'pod install' or update your CocoaPods installation.\" >&2\n    exit 1\nfi\n# This output is used by Xcode 'outputs' to avoid re-running this script phase.\necho \"SUCCESS\" > \"${SCRIPT_OUTPUT_FILE_0}\"\n";
			showEnvVarsInLog = 0;
		};
/* End PBXShellScriptBuildPhase section */

/* Begin PBXSourcesBuildPhase section */
		87532DEB23C03AC200D0E965 /* Sources */ = {
			isa = PBXSourcesBuildPhase;
			buildActionMask = 2147483647;
			files = (
				87532DF723C03AC200D0E965 /* ViewController.swift in Sources */,
				87532DF323C03AC200D0E965 /* AppDelegate.swift in Sources */,
				87532DF523C03AC200D0E965 /* SceneDelegate.swift in Sources */,
			);
			runOnlyForDeploymentPostprocessing = 0;
		};
/* End PBXSourcesBuildPhase section */

/* Begin PBXVariantGroup section */
		87532DF823C03AC200D0E965 /* Main.storyboard */ = {
			isa = PBXVariantGroup;
			children = (
				87532DF923C03AC200D0E965 /* Base */,
			);
			name = Main.storyboard;
			sourceTree = "<group>";
		};
		87532DFD23C03AC400D0E965 /* LaunchScreen.storyboard */ = {
			isa = PBXVariantGroup;
			children = (
				87532DFE23C03AC400D0E965 /* Base */,
			);
			name = LaunchScreen.storyboard;
			sourceTree = "<group>";
		};
/* End PBXVariantGroup section */

/* Begin XCBuildConfiguration section */
		87532E0123C03AC400D0E965 /* Debug */ = {
			isa = XCBuildConfiguration;
			buildSettings = {
				ALWAYS_SEARCH_USER_PATHS = NO;
				CLANG_ANALYZER_NONNULL = YES;
				CLANG_ANALYZER_NUMBER_OBJECT_CONVERSION = YES_AGGRESSIVE;
				CLANG_CXX_LANGUAGE_STANDARD = "gnu++14";
				CLANG_CXX_LIBRARY = "libc++";
				CLANG_ENABLE_MODULES = YES;
				CLANG_ENABLE_OBJC_ARC = YES;
				CLANG_ENABLE_OBJC_WEAK = YES;
				CLANG_WARN_BLOCK_CAPTURE_AUTORELEASING = YES;
				CLANG_WARN_BOOL_CONVERSION = YES;
				CLANG_WARN_COMMA = YES;
				CLANG_WARN_CONSTANT_CONVERSION = YES;
				CLANG_WARN_DEPRECATED_OBJC_IMPLEMENTATIONS = YES;
				CLANG_WARN_DIRECT_OBJC_ISA_USAGE = YES_ERROR;
				CLANG_WARN_DOCUMENTATION_COMMENTS = YES;
				CLANG_WARN_EMPTY_BODY = YES;
				CLANG_WARN_ENUM_CONVERSION = YES;
				CLANG_WARN_INFINITE_RECURSION = YES;
				CLANG_WARN_INT_CONVERSION = YES;
				CLANG_WARN_NON_LITERAL_NULL_CONVERSION = YES;
				CLANG_WARN_OBJC_IMPLICIT_RETAIN_SELF = YES;
				CLANG_WARN_OBJC_LITERAL_CONVERSION = YES;
				CLANG_WARN_OBJC_ROOT_CLASS = YES_ERROR;
				CLANG_WARN_RANGE_LOOP_ANALYSIS = YES;
				CLANG_WARN_STRICT_PROTOTYPES = YES;
				CLANG_WARN_SUSPICIOUS_MOVE = YES;
				CLANG_WARN_UNGUARDED_AVAILABILITY = YES_AGGRESSIVE;
				CLANG_WARN_UNREACHABLE_CODE = YES;
				CLANG_WARN__DUPLICATE_METHOD_MATCH = YES;
				COPY_PHASE_STRIP = NO;
				DEBUG_INFORMATION_FORMAT = dwarf;
				ENABLE_STRICT_OBJC_MSGSEND = YES;
				ENABLE_TESTABILITY = YES;
				GCC_C_LANGUAGE_STANDARD = gnu11;
				GCC_DYNAMIC_NO_PIC = NO;
				GCC_NO_COMMON_BLOCKS = YES;
				GCC_OPTIMIZATION_LEVEL = 0;
				GCC_PREPROCESSOR_DEFINITIONS = (
					"DEBUG=1",
					"$(inherited)",
				);
				GCC_WARN_64_TO_32_BIT_CONVERSION = YES;
				GCC_WARN_ABOUT_RETURN_TYPE = YES_ERROR;
				GCC_WARN_UNDECLARED_SELECTOR = YES;
				GCC_WARN_UNINITIALIZED_AUTOS = YES_AGGRESSIVE;
				GCC_WARN_UNUSED_FUNCTION = YES;
				GCC_WARN_UNUSED_VARIABLE = YES;
				IPHONEOS_DEPLOYMENT_TARGET = 13.2;
				MTL_ENABLE_DEBUG_INFO = INCLUDE_SOURCE;
				MTL_FAST_MATH = YES;
				ONLY_ACTIVE_ARCH = YES;
				SDKROOT = iphoneos;
				SWIFT_ACTIVE_COMPILATION_CONDITIONS = DEBUG;
				SWIFT_OPTIMIZATION_LEVEL = "-Onone";
			};
			name = Debug;
		};
		87532E0223C03AC400D0E965 /* Release */ = {
			isa = XCBuildConfiguration;
			buildSettings = {
				ALWAYS_SEARCH_USER_PATHS = NO;
				CLANG_ANALYZER_NONNULL = YES;
				CLANG_ANALYZER_NUMBER_OBJECT_CONVERSION = YES_AGGRESSIVE;
				CLANG_CXX_LANGUAGE_STANDARD = "gnu++14";
				CLANG_CXX_LIBRARY = "libc++";
				CLANG_ENABLE_MODULES = YES;
				CLANG_ENABLE_OBJC_ARC = YES;
				CLANG_ENABLE_OBJC_WEAK = YES;
				CLANG_WARN_BLOCK_CAPTURE_AUTORELEASING = YES;
				CLANG_WARN_BOOL_CONVERSION = YES;
				CLANG_WARN_COMMA = YES;
				CLANG_WARN_CONSTANT_CONVERSION = YES;
				CLANG_WARN_DEPRECATED_OBJC_IMPLEMENTATIONS = YES;
				CLANG_WARN_DIRECT_OBJC_ISA_USAGE = YES_ERROR;
				CLANG_WARN_DOCUMENTATION_COMMENTS = YES;
				CLANG_WARN_EMPTY_BODY = YES;
				CLANG_WARN_ENUM_CONVERSION = YES;
				CLANG_WARN_INFINITE_RECURSION = YES;
				CLANG_WARN_INT_CONVERSION = YES;
				CLANG_WARN_NON_LITERAL_NULL_CONVERSION = YES;
				CLANG_WARN_OBJC_IMPLICIT_RETAIN_SELF = YES;
				CLANG_WARN_OBJC_LITERAL_CONVERSION = YES;
				CLANG_WARN_OBJC_ROOT_CLASS = YES_ERROR;
				CLANG_WARN_RANGE_LOOP_ANALYSIS = YES;
				CLANG_WARN_STRICT_PROTOTYPES = YES;
				CLANG_WARN_SUSPICIOUS_MOVE = YES;
				CLANG_WARN_UNGUARDED_AVAILABILITY = YES_AGGRESSIVE;
				CLANG_WARN_UNREACHABLE_CODE = YES;
				CLANG_WARN__DUPLICATE_METHOD_MATCH = YES;
				COPY_PHASE_STRIP = NO;
				DEBUG_INFORMATION_FORMAT = "dwarf-with-dsym";
				ENABLE_NS_ASSERTIONS = NO;
				ENABLE_STRICT_OBJC_MSGSEND = YES;
				GCC_C_LANGUAGE_STANDARD = gnu11;
				GCC_NO_COMMON_BLOCKS = YES;
				GCC_WARN_64_TO_32_BIT_CONVERSION = YES;
				GCC_WARN_ABOUT_RETURN_TYPE = YES_ERROR;
				GCC_WARN_UNDECLARED_SELECTOR = YES;
				GCC_WARN_UNINITIALIZED_AUTOS = YES_AGGRESSIVE;
				GCC_WARN_UNUSED_FUNCTION = YES;
				GCC_WARN_UNUSED_VARIABLE = YES;
				IPHONEOS_DEPLOYMENT_TARGET = 13.2;
				MTL_ENABLE_DEBUG_INFO = NO;
				MTL_FAST_MATH = YES;
				SDKROOT = iphoneos;
				SWIFT_COMPILATION_MODE = wholemodule;
				SWIFT_OPTIMIZATION_LEVEL = "-O";
				VALIDATE_PRODUCT = YES;
			};
			name = Release;
		};
		87532E0423C03AC400D0E965 /* Debug */ = {
			isa = XCBuildConfiguration;
			baseConfigurationReference = FCC148D1085BCDF706EF11AE /* Pods-iOS-weather-app.debug.xcconfig */;
			buildSettings = {
				ASSETCATALOG_COMPILER_APPICON_NAME = AppIcon;
				CODE_SIGN_STYLE = Automatic;
				DEVELOPMENT_TEAM = 772LWM5267;
				INFOPLIST_FILE = "iOS-weather-app/Info.plist";
				LD_RUNPATH_SEARCH_PATHS = (
					"$(inherited)",
					"@executable_path/Frameworks",
				);
				PRODUCT_BUNDLE_IDENTIFIER = "com.alsaba.iOS-weather-app";
				PRODUCT_NAME = "$(TARGET_NAME)";
				SWIFT_VERSION = 5.0;
				TARGETED_DEVICE_FAMILY = "1,2";
			};
			name = Debug;
		};
		87532E0523C03AC400D0E965 /* Release */ = {
			isa = XCBuildConfiguration;
			baseConfigurationReference = 35ECC5DD24D45C7BC6CBAA0C /* Pods-iOS-weather-app.release.xcconfig */;
			buildSettings = {
				ASSETCATALOG_COMPILER_APPICON_NAME = AppIcon;
				CODE_SIGN_STYLE = Automatic;
				DEVELOPMENT_TEAM = 772LWM5267;
				INFOPLIST_FILE = "iOS-weather-app/Info.plist";
				LD_RUNPATH_SEARCH_PATHS = (
					"$(inherited)",
					"@executable_path/Frameworks",
				);
				PRODUCT_BUNDLE_IDENTIFIER = "com.alsaba.iOS-weather-app";
				PRODUCT_NAME = "$(TARGET_NAME)";
				SWIFT_VERSION = 5.0;
				TARGETED_DEVICE_FAMILY = "1,2";
			};
			name = Release;
		};
/* End XCBuildConfiguration section */

/* Begin XCConfigurationList section */
		87532DEA23C03AC200D0E965 /* Build configuration list for PBXProject "iOS-weather-app" */ = {
			isa = XCConfigurationList;
			buildConfigurations = (
				87532E0123C03AC400D0E965 /* Debug */,
				87532E0223C03AC400D0E965 /* Release */,
			);
			defaultConfigurationIsVisible = 0;
			defaultConfigurationName = Release;
		};
		87532E0323C03AC400D0E965 /* Build configuration list for PBXNativeTarget "iOS-weather-app" */ = {
			isa = XCConfigurationList;
			buildConfigurations = (
				87532E0423C03AC400D0E965 /* Debug */,
				87532E0523C03AC400D0E965 /* Release */,
			);
			defaultConfigurationIsVisible = 0;
			defaultConfigurationName = Release;
		};
/* End XCConfigurationList section */
	};
	rootObject = 87532DE723C03AC200D0E965 /* Project object */;
}
